
Microsoft Visual Studio Solution File, Format Version 12.00
# Visual Studio Version 16
VisualStudioVersion = 25.0.1706.3
MinimumVisualStudioVersion = 10.0.40219.1
Project("{FAE04EC0-301F-11D3-BF4B-00C04F79EFBC}") = "simple-Cicd", "simple-Cicd\simple-Cicd.csproj", "{22954133-CB55-42C0-8B79-2782E12DF371}"
EndProject
Global
	GlobalSection(SolutionConfigurationPlatforms) = preSolution
		Debug|Any CPU = Debug|Any CPU
		Release|Any CPU = Release|Any CPU
	EndGlobalSection
	GlobalSection(ProjectConfigurationPlatforms) = postSolution
		{22954133-CB55-42C0-8B79-2782E12DF371}.Debug|Any CPU.ActiveCfg = Debug|Any CPU
		{22954133-CB55-42C0-8B79-2782E12DF371}.Debug|Any CPU.Build.0 = Debug|Any CPU
		{22954133-CB55-42C0-8B79-2782E12DF371}.Release|Any CPU.ActiveCfg = Release|Any CPU
		{22954133-CB55-42C0-8B79-2782E12DF371}.Release|Any CPU.Build.0 = Release|Any CPU
	EndGlobalSection
	GlobalSection(SolutionProperties) = preSolution
		HideSolutionNode = FALSE
	EndGlobalSection
	GlobalSection(ExtensibilityGlobals) = postSolution
		SolutionGuid = {DA456D40-61C1-4CEC-9ABB-457FD81F4B3E}
	EndGlobalSection
EndGlobal
